
Microsoft Visual Studio Solution File, Format Version 12.00
# Visual Studio 2012
Project("{FAE04EC0-301F-11D3-BF4B-00C04F79EFBC}") = "ReflectionFun", "ReflectionFun\ReflectionFun.csproj", "{7C4ED21F-F868-4A2B-BAC0-491B524CB5FD}"
EndProject
Global
	GlobalSection(SolutionConfigurationPlatforms) = preSolution
		Debug|Any CPU = Debug|Any CPU
		Release|Any CPU = Release|Any CPU
	EndGlobalSection
	GlobalSection(ProjectConfigurationPlatforms) = postSolution
		{7C4ED21F-F868-4A2B-BAC0-491B524CB5FD}.Debug|Any CPU.ActiveCfg = Debug|Any CPU
		{7C4ED21F-F868-4A2B-BAC0-491B524CB5FD}.Debug|Any CPU.Build.0 = Debug|Any CPU
		{7C4ED21F-F868-4A2B-BAC0-491B524CB5FD}.Release|Any CPU.ActiveCfg = Release|Any CPU
		{7C4ED21F-F868-4A2B-BAC0-491B524CB5FD}.Release|Any CPU.Build.0 = Release|Any CPU
	EndGlobalSection
	GlobalSection(SolutionProperties) = preSolution
		HideSolutionNode = FALSE
	EndGlobalSection
EndGlobal
