
Microsoft Visual Studio Solution File, Format Version 12.00
# Visual Studio 2012
Project("{FAE04EC0-301F-11D3-BF4B-00C04F79EFBC}") = "Instrumentation", "Instrumentation\Instrumentation.csproj", "{7143BB17-5486-4726-AB33-D72653A58BDE}"
EndProject
Global
	GlobalSection(SolutionConfigurationPlatforms) = preSolution
		Debug|Any CPU = Debug|Any CPU
		Release|Any CPU = Release|Any CPU
	EndGlobalSection
	GlobalSection(ProjectConfigurationPlatforms) = postSolution
		{7143BB17-5486-4726-AB33-D72653A58BDE}.Debug|Any CPU.ActiveCfg = Debug|Any CPU
		{7143BB17-5486-4726-AB33-D72653A58BDE}.Debug|Any CPU.Build.0 = Debug|Any CPU
		{7143BB17-5486-4726-AB33-D72653A58BDE}.Release|Any CPU.ActiveCfg = Release|Any CPU
		{7143BB17-5486-4726-AB33-D72653A58BDE}.Release|Any CPU.Build.0 = Release|Any CPU
	EndGlobalSection
	GlobalSection(SolutionProperties) = preSolution
		HideSolutionNode = FALSE
	EndGlobalSection
EndGlobal
