
Microsoft Visual Studio Solution File, Format Version 11.00
# Visual Studio 2012
Project("{FAE04EC0-301F-11D3-BF4B-00C04F79EFBC}") = "OfficeInterop", "OfficeInterop\OfficeInterop.csproj", "{372C046A-3F8B-458B-9AC2-9B1A093FB0AD}"
EndProject
Global
	GlobalSection(SolutionConfigurationPlatforms) = preSolution
		Debug|x86 = Debug|x86
		Release|x86 = Release|x86
	EndGlobalSection
	GlobalSection(ProjectConfigurationPlatforms) = postSolution
		{372C046A-3F8B-458B-9AC2-9B1A093FB0AD}.Debug|x86.ActiveCfg = Debug|x86
		{372C046A-3F8B-458B-9AC2-9B1A093FB0AD}.Debug|x86.Build.0 = Debug|x86
		{372C046A-3F8B-458B-9AC2-9B1A093FB0AD}.Release|x86.ActiveCfg = Release|x86
		{372C046A-3F8B-458B-9AC2-9B1A093FB0AD}.Release|x86.Build.0 = Release|x86
	EndGlobalSection
	GlobalSection(SolutionProperties) = preSolution
		HideSolutionNode = FALSE
	EndGlobalSection
EndGlobal
