
Microsoft Visual Studio Solution File, Format Version 12.00
# Visual Studio 2012
Project("{FAE04EC0-301F-11D3-BF4B-00C04F79EFBC}") = "ConnectedAccess", "ConnectedAccess\ConnectedAccess.csproj", "{ABF1533B-951D-4016-B51B-4CDF4921984C}"
EndProject
Global
	GlobalSection(SolutionConfigurationPlatforms) = preSolution
		Debug|Any CPU = Debug|Any CPU
		Release|Any CPU = Release|Any CPU
	EndGlobalSection
	GlobalSection(ProjectConfigurationPlatforms) = postSolution
		{ABF1533B-951D-4016-B51B-4CDF4921984C}.Debug|Any CPU.ActiveCfg = Debug|Any CPU
		{ABF1533B-951D-4016-B51B-4CDF4921984C}.Debug|Any CPU.Build.0 = Debug|Any CPU
		{ABF1533B-951D-4016-B51B-4CDF4921984C}.Release|Any CPU.ActiveCfg = Release|Any CPU
		{ABF1533B-951D-4016-B51B-4CDF4921984C}.Release|Any CPU.Build.0 = Release|Any CPU
	EndGlobalSection
	GlobalSection(SolutionProperties) = preSolution
		HideSolutionNode = FALSE
	EndGlobalSection
EndGlobal
